{
  "name": "test-dilithium",
  "version": "1.0.0",
  "lockfileVersion": 3,
  "requires": true,
  "packages": {
    "": {
      "name": "test-dilithium",
      "version": "1.0.0",
      "license": "ISC",
      "dependencies": {
        "@dashlane/pqc-sign-dilithium5-node": "^1.0.0"
      }
    },
    "node_modules/@dashlane/pqc-sign-dilithium5-node": {
      "version": "1.0.0",
      "resolved": "https://registry.npmjs.org/@dashlane/pqc-sign-dilithium5-node/-/pqc-sign-dilithium5-node-1.0.0.tgz",
      "integrity": "sha512-2Q1TGvVWpM/xz5ZSe7ZOCbA52OUayABVWbUImSPXizO1lmPvNC2MuESnVfAQrUGZr0PjeCxYhKV2cC8lQzPokA==",
      "engines": {
        "node": ">=16.0.0"
      }
    }
  }
}
